{
  "name": "Personal_portfolio",
  "lockfileVersion": 2,
  "requires": true,
  "packages": {
    "": {
      "dependencies": {
        "@splidejs/splide": "^4.0.8",
        "keen-slider": "^6.8.2"
      }
    },
    "node_modules/@splidejs/splide": {
      "version": "4.0.8",
      "resolved": "https://registry.npmjs.org/@splidejs/splide/-/splide-4.0.8.tgz",
      "integrity": "sha512-wFjENaQHZbIlvQrihK0x6jobYY19lzVRnBvarWpYD3oOiS2D87QEJiW9waZDXf+WWwPEUYBYGzJVo5wmBz1BHQ=="
    },
    "node_modules/keen-slider": {
      "version": "6.8.2",
      "resolved": "https://registry.npmjs.org/keen-slider/-/keen-slider-6.8.2.tgz",
      "integrity": "sha512-vMVLPVfgTkLTNseKM42hnOJz/k/C4x4atCJqKRmPh2Mb4L/+Pzh4qvq9k6qT7/pKBxnsNxOlcxq80NoZq/N3Iw=="
    }
  },
  "dependencies": {
    "@splidejs/splide": {
      "version": "4.0.8",
      "resolved": "https://registry.npmjs.org/@splidejs/splide/-/splide-4.0.8.tgz",
      "integrity": "sha512-wFjENaQHZbIlvQrihK0x6jobYY19lzVRnBvarWpYD3oOiS2D87QEJiW9waZDXf+WWwPEUYBYGzJVo5wmBz1BHQ=="
    },
    "keen-slider": {
      "version": "6.8.2",
      "resolved": "https://registry.npmjs.org/keen-slider/-/keen-slider-6.8.2.tgz",
      "integrity": "sha512-vMVLPVfgTkLTNseKM42hnOJz/k/C4x4atCJqKRmPh2Mb4L/+Pzh4qvq9k6qT7/pKBxnsNxOlcxq80NoZq/N3Iw=="
    }
  }
}
